// !$*UTF8*$!
{
	archiveVersion = 1;
	classes = {
	};
	objectVersion = 46;
	objects = {

/* Begin PBXBuildFile section */
		22307EE71D337AD500DC2071 /* Alamofire.framework in CopyFiles */ = {isa = PBXBuildFile; fileRef = 22307EE61D337AD500DC2071 /* Alamofire.framework */; settings = {ATTRIBUTES = (CodeSignOnCopy, RemoveHeadersOnCopy, ); }; };
		224B32791CBE10AD0036A7A1 /* IMFaceDetailsController.swift in Sources */ = {isa = PBXBuildFile; fileRef = 224B32781CBE10AD0036A7A1 /* IMFaceDetailsController.swift */; };
		226550271CBCBB1900844D76 /* camera.png in Resources */ = {isa = PBXBuildFile; fileRef = 226550261CBCBB1900844D76 /* camera.png */; };
		226550291CBCD5AF00844D76 /* IMImageSourceAlertController.swift in Sources */ = {isa = PBXBuildFile; fileRef = 226550281CBCD5AF00844D76 /* IMImageSourceAlertController.swift */; };
		22775AFE1CBB1F2E00225BEF /* AppDelegate.swift in Sources */ = {isa = PBXBuildFile; fileRef = 22775AFD1CBB1F2E00225BEF /* AppDelegate.swift */; };
		22775B001CBB1F2E00225BEF /* ViewController.swift in Sources */ = {isa = PBXBuildFile; fileRef = 22775AFF1CBB1F2E00225BEF /* ViewController.swift */; };
		22775B031CBB1F2E00225BEF /* Main.storyboard in Resources */ = {isa = PBXBuildFile; fileRef = 22775B011CBB1F2E00225BEF /* Main.storyboard */; };
		22775B051CBB1F2E00225BEF /* Assets.xcassets in Resources */ = {isa = PBXBuildFile; fileRef = 22775B041CBB1F2E00225BEF /* Assets.xcassets */; };
		22775B081CBB1F2E00225BEF /* LaunchScreen.storyboard in Resources */ = {isa = PBXBuildFile; fileRef = 22775B061CBB1F2E00225BEF /* LaunchScreen.storyboard */; };
		22775B141CBB214800225BEF /* IMWebService.swift in Sources */ = {isa = PBXBuildFile; fileRef = 22775B131CBB214800225BEF /* IMWebService.swift */; };
		22775B161CBB219B00225BEF /* EmotionService.swift in Sources */ = {isa = PBXBuildFile; fileRef = 22775B151CBB219B00225BEF /* EmotionService.swift */; };
		22775B181CBB4DFD00225BEF /* IMFace.swift in Sources */ = {isa = PBXBuildFile; fileRef = 22775B171CBB4DFD00225BEF /* IMFace.swift */; };
		2278ACA21CE2CECF00E3AFF4 /* IMHttpClient.swift in Sources */ = {isa = PBXBuildFile; fileRef = 2278ACA11CE2CECF00E3AFF4 /* IMHttpClient.swift */; };
		2278ACA71CE3063000E3AFF4 /* Alamofire.framework in Frameworks */ = {isa = PBXBuildFile; fileRef = 2278ACA61CE3063000E3AFF4 /* Alamofire.framework */; };
		22A5D6AE1CF7A3C500E77A5A /* IMMoodImage.swift in Sources */ = {isa = PBXBuildFile; fileRef = 22A5D6AD1CF7A3C500E77A5A /* IMMoodImage.swift */; };
		22ACC6551D3356EE00F57D17 /* MCCastManager.swift in Sources */ = {isa = PBXBuildFile; fileRef = 22ACC6541D3356EE00F57D17 /* MCCastManager.swift */; };
		22D85E311CD7FAD600F49A5B /* IMFaceImageView.swift in Sources */ = {isa = PBXBuildFile; fileRef = 22D85E301CD7FAD600F49A5B /* IMFaceImageView.swift */; };
		22D85E331CD7FAED00F49A5B /* IMMoodView.swift in Sources */ = {isa = PBXBuildFile; fileRef = 22D85E321CD7FAED00F49A5B /* IMMoodView.swift */; };
		E0E13A4E59D1B30CA6051FFE /* Pods_iMood.framework in Frameworks */ = {isa = PBXBuildFile; fileRef = 9BF35B0D3A05C5915177C53C /* Pods_iMood.framework */; };
/* End PBXBuildFile section */

/* Begin PBXCopyFilesBuildPhase section */
		22307EE41D3379EC00DC2071 /* CopyFiles */ = {
			isa = PBXCopyFilesBuildPhase;
			buildActionMask = 2147483647;
			dstPath = "";
			dstSubfolderSpec = 10;
			files = (
				22307EE71D337AD500DC2071 /* Alamofire.framework in CopyFiles */,
			);
			runOnlyForDeploymentPostprocessing = 0;
		};
/* End PBXCopyFilesBuildPhase section */

/* Begin PBXFileReference section */
		22307EE61D337AD500DC2071 /* Alamofire.framework */ = {isa = PBXFileReference; lastKnownFileType = wrapper.framework; name = Alamofire.framework; path = Alamofire/Alamofire.framework; sourceTree = BUILT_PRODUCTS_DIR; };
		224B32781CBE10AD0036A7A1 /* IMFaceDetailsController.swift */ = {isa = PBXFileReference; fileEncoding = 4; lastKnownFileType = sourcecode.swift; path = IMFaceDetailsController.swift; sourceTree = "<group>"; };
		226550261CBCBB1900844D76 /* camera.png */ = {isa = PBXFileReference; lastKnownFileType = image.png; path = camera.png; sourceTree = "<group>"; };
		226550281CBCD5AF00844D76 /* IMImageSourceAlertController.swift */ = {isa = PBXFileReference; fileEncoding = 4; lastKnownFileType = sourcecode.swift; path = IMImageSourceAlertController.swift; sourceTree = "<group>"; };
		22775AFA1CBB1F2E00225BEF /* iMood.app */ = {isa = PBXFileReference; explicitFileType = wrapper.application; includeInIndex = 0; path = iMood.app; sourceTree = BUILT_PRODUCTS_DIR; };
		22775AFD1CBB1F2E00225BEF /* AppDelegate.swift */ = {isa = PBXFileReference; lastKnownFileType = sourcecode.swift; path = AppDelegate.swift; sourceTree = "<group>"; };
		22775AFF1CBB1F2E00225BEF /* ViewController.swift */ = {isa = PBXFileReference; lastKnownFileType = sourcecode.swift; path = ViewController.swift; sourceTree = "<group>"; };
		22775B021CBB1F2E00225BEF /* Base */ = {isa = PBXFileReference; lastKnownFileType = file.storyboard; name = Base; path = Base.lproj/Main.storyboard; sourceTree = "<group>"; };
		22775B041CBB1F2E00225BEF /* Assets.xcassets */ = {isa = PBXFileReference; lastKnownFileType = folder.assetcatalog; path = Assets.xcassets; sourceTree = "<group>"; };
		22775B071CBB1F2E00225BEF /* Base */ = {isa = PBXFileReference; lastKnownFileType = file.storyboard; name = Base; path = Base.lproj/LaunchScreen.storyboard; sourceTree = "<group>"; };
		22775B091CBB1F2E00225BEF /* Info.plist */ = {isa = PBXFileReference; lastKnownFileType = text.plist.xml; path = Info.plist; sourceTree = "<group>"; };
		22775B131CBB214800225BEF /* IMWebService.swift */ = {isa = PBXFileReference; fileEncoding = 4; lastKnownFileType = sourcecode.swift; path = IMWebService.swift; sourceTree = "<group>"; };
		22775B151CBB219B00225BEF /* EmotionService.swift */ = {isa = PBXFileReference; fileEncoding = 4; lastKnownFileType = sourcecode.swift; path = EmotionService.swift; sourceTree = "<group>"; };
		22775B171CBB4DFD00225BEF /* IMFace.swift */ = {isa = PBXFileReference; fileEncoding = 4; lastKnownFileType = sourcecode.swift; path = IMFace.swift; sourceTree = "<group>"; };
		2278ACA11CE2CECF00E3AFF4 /* IMHttpClient.swift */ = {isa = PBXFileReference; fileEncoding = 4; lastKnownFileType = sourcecode.swift; path = IMHttpClient.swift; sourceTree = "<group>"; };
		2278ACA61CE3063000E3AFF4 /* Alamofire.framework */ = {isa = PBXFileReference; lastKnownFileType = wrapper.framework; name = Alamofire.framework; path = "Pods/../build/Debug-iphoneos/Alamofire.framework"; sourceTree = "<group>"; };
		22A5D6AD1CF7A3C500E77A5A /* IMMoodImage.swift */ = {isa = PBXFileReference; fileEncoding = 4; lastKnownFileType = sourcecode.swift; path = IMMoodImage.swift; sourceTree = "<group>"; };
		22ACC6541D3356EE00F57D17 /* MCCastManager.swift */ = {isa = PBXFileReference; fileEncoding = 4; lastKnownFileType = sourcecode.swift; path = MCCastManager.swift; sourceTree = "<group>"; };
		22D85E301CD7FAD600F49A5B /* IMFaceImageView.swift */ = {isa = PBXFileReference; fileEncoding = 4; lastKnownFileType = sourcecode.swift; path = IMFaceImageView.swift; sourceTree = "<group>"; };
		22D85E321CD7FAED00F49A5B /* IMMoodView.swift */ = {isa = PBXFileReference; fileEncoding = 4; lastKnownFileType = sourcecode.swift; path = IMMoodView.swift; sourceTree = "<group>"; };
		364FE02CAD0F35FE5189F493 /* Pods-iMood.release.xcconfig */ = {isa = PBXFileReference; includeInIndex = 1; lastKnownFileType = text.xcconfig; name = "Pods-iMood.release.xcconfig"; path = "Pods/Target Support Files/Pods-iMood/Pods-iMood.release.xcconfig"; sourceTree = "<group>"; };
		9BF35B0D3A05C5915177C53C /* Pods_iMood.framework */ = {isa = PBXFileReference; explicitFileType = wrapper.framework; includeInIndex = 0; path = Pods_iMood.framework; sourceTree = BUILT_PRODUCTS_DIR; };
		E6F96EBEA9958B363AB59E89 /* Pods-iMood.debug.xcconfig */ = {isa = PBXFileReference; includeInIndex = 1; lastKnownFileType = text.xcconfig; name = "Pods-iMood.debug.xcconfig"; path = "Pods/Target Support Files/Pods-iMood/Pods-iMood.debug.xcconfig"; sourceTree = "<group>"; };
/* End PBXFileReference section */

/* Begin PBXFrameworksBuildPhase section */
		22775AF71CBB1F2E00225BEF /* Frameworks */ = {
			isa = PBXFrameworksBuildPhase;
			buildActionMask = 2147483647;
			files = (
				2278ACA71CE3063000E3AFF4 /* Alamofire.framework in Frameworks */,
				E0E13A4E59D1B30CA6051FFE /* Pods_iMood.framework in Frameworks */,
			);
			runOnlyForDeploymentPostprocessing = 0;
		};
/* End PBXFrameworksBuildPhase section */

/* Begin PBXGroup section */
		193F3DBBE4F036078FAD1FCB /* Pods */ = {
			isa = PBXGroup;
			children = (
				E6F96EBEA9958B363AB59E89 /* Pods-iMood.debug.xcconfig */,
				364FE02CAD0F35FE5189F493 /* Pods-iMood.release.xcconfig */,
			);
			name = Pods;
			sourceTree = "<group>";
		};
		226550231CBCBA3700844D76 /* images */ = {
			isa = PBXGroup;
			children = (
				226550261CBCBB1900844D76 /* camera.png */,
			);
			name = images;
			sourceTree = "<group>";
		};
		22775AF11CBB1F2E00225BEF = {
			isa = PBXGroup;
			children = (
				22307EE61D337AD500DC2071 /* Alamofire.framework */,
				22775AFC1CBB1F2E00225BEF /* iMood */,
				22775AFB1CBB1F2E00225BEF /* Products */,
				B4AC3159E138AAB7E287B5AC /* Frameworks */,
				193F3DBBE4F036078FAD1FCB /* Pods */,
			);
			sourceTree = "<group>";
		};
		22775AFB1CBB1F2E00225BEF /* Products */ = {
			isa = PBXGroup;
			children = (
				22775AFA1CBB1F2E00225BEF /* iMood.app */,
			);
			name = Products;
			sourceTree = "<group>";
		};
		22775AFC1CBB1F2E00225BEF /* iMood */ = {
			isa = PBXGroup;
			children = (
				22D85E341CD7FB1E00F49A5B /* Controllers */,
				22D85E2F1CD7FAA900F49A5B /* Views */,
				226550231CBCBA3700844D76 /* images */,
				22775B101CBB1F6800225BEF /* Utli */,
				22775B0F1CBB1F4700225BEF /* Model */,
				22775AFD1CBB1F2E00225BEF /* AppDelegate.swift */,
				22775B011CBB1F2E00225BEF /* Main.storyboard */,
				22775B041CBB1F2E00225BEF /* Assets.xcassets */,
				22775B061CBB1F2E00225BEF /* LaunchScreen.storyboard */,
				22775B091CBB1F2E00225BEF /* Info.plist */,
			);
			path = iMood;
			sourceTree = "<group>";
		};
		22775B0F1CBB1F4700225BEF /* Model */ = {
			isa = PBXGroup;
			children = (
				22775B171CBB4DFD00225BEF /* IMFace.swift */,
				22A5D6AD1CF7A3C500E77A5A /* IMMoodImage.swift */,
			);
			name = Model;
			sourceTree = "<group>";
		};
		22775B101CBB1F6800225BEF /* Utli */ = {
			isa = PBXGroup;
			children = (
				22ACC6531D3356E000F57D17 /* GoogleCast */,
				22775B131CBB214800225BEF /* IMWebService.swift */,
				22775B151CBB219B00225BEF /* EmotionService.swift */,
				2278ACA11CE2CECF00E3AFF4 /* IMHttpClient.swift */,
			);
			name = Utli;
			sourceTree = "<group>";
		};
		22ACC6531D3356E000F57D17 /* GoogleCast */ = {
			isa = PBXGroup;
			children = (
				22ACC6541D3356EE00F57D17 /* MCCastManager.swift */,
			);
			name = GoogleCast;
			sourceTree = "<group>";
		};
		22D85E2F1CD7FAA900F49A5B /* Views */ = {
			isa = PBXGroup;
			children = (
				22D85E301CD7FAD600F49A5B /* IMFaceImageView.swift */,
				22D85E321CD7FAED00F49A5B /* IMMoodView.swift */,
			);
			name = Views;
			sourceTree = "<group>";
		};
		22D85E341CD7FB1E00F49A5B /* Controllers */ = {
			isa = PBXGroup;
			children = (
				22775AFF1CBB1F2E00225BEF /* ViewController.swift */,
				226550281CBCD5AF00844D76 /* IMImageSourceAlertController.swift */,
				224B32781CBE10AD0036A7A1 /* IMFaceDetailsController.swift */,
			);
			name = Controllers;
			sourceTree = "<group>";
		};
		B4AC3159E138AAB7E287B5AC /* Frameworks */ = {
			isa = PBXGroup;
			children = (
				2278ACA61CE3063000E3AFF4 /* Alamofire.framework */,
				9BF35B0D3A05C5915177C53C /* Pods_iMood.framework */,
			);
			name = Frameworks;
			sourceTree = "<group>";
		};
/* End PBXGroup section */

/* Begin PBXNativeTarget section */
		22775AF91CBB1F2E00225BEF /* iMood */ = {
			isa = PBXNativeTarget;
			buildConfigurationList = 22775B0C1CBB1F2E00225BEF /* Build configuration list for PBXNativeTarget "iMood" */;
			buildPhases = (
				9D1F84B328D877827B1FE530 /* [CP] Check Pods Manifest.lock */,
				22775AF61CBB1F2E00225BEF /* Sources */,
				22307EE41D3379EC00DC2071 /* CopyFiles */,
				22775AF71CBB1F2E00225BEF /* Frameworks */,
				22775AF81CBB1F2E00225BEF /* Resources */,
				BBF9FD77E8C1DEADB3AB7FE6 /* [CP] Embed Pods Frameworks */,
				8AD84E09E435C674C7142A14 /* [CP] Copy Pods Resources */,
			);
			buildRules = (
			);
			dependencies = (
			);
			name = iMood;
			productName = iMood;
			productReference = 22775AFA1CBB1F2E00225BEF /* iMood.app */;
			productType = "com.apple.product-type.application";
		};
/* End PBXNativeTarget section */

/* Begin PBXProject section */
		22775AF21CBB1F2E00225BEF /* Project object */ = {
			isa = PBXProject;
			attributes = {
				LastSwiftUpdateCheck = 0720;
				LastUpgradeCheck = 0720;
				ORGANIZATIONNAME = "Matt  North";
				TargetAttributes = {
					22775AF91CBB1F2E00225BEF = {
						CreatedOnToolsVersion = 7.2.1;
						DevelopmentTeam = 44HQ3QUPFJ;
					};
				};
			};
			buildConfigurationList = 22775AF51CBB1F2E00225BEF /* Build configuration list for PBXProject "iMood" */;
			compatibilityVersion = "Xcode 3.2";
			developmentRegion = English;
			hasScannedForEncodings = 0;
			knownRegions = (
				en,
				Base,
			);
			mainGroup = 22775AF11CBB1F2E00225BEF;
			productRefGroup = 22775AFB1CBB1F2E00225BEF /* Products */;
			projectDirPath = "";
			projectRoot = "";
			targets = (
				22775AF91CBB1F2E00225BEF /* iMood */,
			);
		};
/* End PBXProject section */

/* Begin PBXResourcesBuildPhase section */
		22775AF81CBB1F2E00225BEF /* Resources */ = {
			isa = PBXResourcesBuildPhase;
			buildActionMask = 2147483647;
			files = (
				22775B081CBB1F2E00225BEF /* LaunchScreen.storyboard in Resources */,
				22775B051CBB1F2E00225BEF /* Assets.xcassets in Resources */,
				226550271CBCBB1900844D76 /* camera.png in Resources */,
				22775B031CBB1F2E00225BEF /* Main.storyboard in Resources */,
			);
			runOnlyForDeploymentPostprocessing = 0;
		};
/* End PBXResourcesBuildPhase section */

/* Begin PBXShellScriptBuildPhase section */
		8AD84E09E435C674C7142A14 /* [CP] Copy Pods Resources */ = {
			isa = PBXShellScriptBuildPhase;
			buildActionMask = 2147483647;
			files = (
			);
			inputPaths = (
			);
			name = "[CP] Copy Pods Resources";
			outputPaths = (
			);
			runOnlyForDeploymentPostprocessing = 0;
			shellPath = /bin/sh;
			shellScript = "\"${SRCROOT}/Pods/Target Support Files/Pods-iMood/Pods-iMood-resources.sh\"\n";
			showEnvVarsInLog = 0;
		};
		9D1F84B328D877827B1FE530 /* [CP] Check Pods Manifest.lock */ = {
			isa = PBXShellScriptBuildPhase;
			buildActionMask = 2147483647;
			files = (
			);
			inputPaths = (
			);
			name = "[CP] Check Pods Manifest.lock";
			outputPaths = (
			);
			runOnlyForDeploymentPostprocessing = 0;
			shellPath = /bin/sh;
			shellScript = "diff \"${PODS_ROOT}/../Podfile.lock\" \"${PODS_ROOT}/Manifest.lock\" > /dev/null\nif [[ $? != 0 ]] ; then\n    cat << EOM\nerror: The sandbox is not in sync with the Podfile.lock. Run 'pod install' or update your CocoaPods installation.\nEOM\n    exit 1\nfi\n";
			showEnvVarsInLog = 0;
		};
		BBF9FD77E8C1DEADB3AB7FE6 /* [CP] Embed Pods Frameworks */ = {
			isa = PBXShellScriptBuildPhase;
			buildActionMask = 2147483647;
			files = (
			);
			inputPaths = (
			);
			name = "[CP] Embed Pods Frameworks";
			outputPaths = (
			);
			runOnlyForDeploymentPostprocessing = 0;
			shellPath = /bin/sh;
			shellScript = "\"${SRCROOT}/Pods/Target Support Files/Pods-iMood/Pods-iMood-frameworks.sh\"\n";
			showEnvVarsInLog = 0;
		};
/* End PBXShellScriptBuildPhase section */

/* Begin PBXSourcesBuildPhase section */
		22775AF61CBB1F2E00225BEF /* Sources */ = {
			isa = PBXSourcesBuildPhase;
			buildActionMask = 2147483647;
			files = (
				22775B001CBB1F2E00225BEF /* ViewController.swift in Sources */,
				22775B141CBB214800225BEF /* IMWebService.swift in Sources */,
				2278ACA21CE2CECF00E3AFF4 /* IMHttpClient.swift in Sources */,
				22D85E331CD7FAED00F49A5B /* IMMoodView.swift in Sources */,
				22775B181CBB4DFD00225BEF /* IMFace.swift in Sources */,
				22A5D6AE1CF7A3C500E77A5A /* IMMoodImage.swift in Sources */,
				22D85E311CD7FAD600F49A5B /* IMFaceImageView.swift in Sources */,
				224B32791CBE10AD0036A7A1 /* IMFaceDetailsController.swift in Sources */,
				22ACC6551D3356EE00F57D17 /* MCCastManager.swift in Sources */,
				226550291CBCD5AF00844D76 /* IMImageSourceAlertController.swift in Sources */,
				22775AFE1CBB1F2E00225BEF /* AppDelegate.swift in Sources */,
				22775B161CBB219B00225BEF /* EmotionService.swift in Sources */,
			);
			runOnlyForDeploymentPostprocessing = 0;
		};
/* End PBXSourcesBuildPhase section */

/* Begin PBXVariantGroup section */
		22775B011CBB1F2E00225BEF /* Main.storyboard */ = {
			isa = PBXVariantGroup;
			children = (
				22775B021CBB1F2E00225BEF /* Base */,
			);
			name = Main.storyboard;
			sourceTree = "<group>";
		};
		22775B061CBB1F2E00225BEF /* LaunchScreen.storyboard */ = {
			isa = PBXVariantGroup;
			children = (
				22775B071CBB1F2E00225BEF /* Base */,
			);
			name = LaunchScreen.storyboard;
			sourceTree = "<group>";
		};
/* End PBXVariantGroup section */

/* Begin XCBuildConfiguration section */
		22775B0A1CBB1F2E00225BEF /* Debug */ = {
			isa = XCBuildConfiguration;
			buildSettings = {
				ALWAYS_SEARCH_USER_PATHS = NO;
				CLANG_CXX_LANGUAGE_STANDARD = "gnu++0x";
				CLANG_CXX_LIBRARY = "libc++";
				CLANG_ENABLE_MODULES = YES;
				CLANG_ENABLE_OBJC_ARC = YES;
				CLANG_WARN_BOOL_CONVERSION = YES;
				CLANG_WARN_CONSTANT_CONVERSION = YES;
				CLANG_WARN_DIRECT_OBJC_ISA_USAGE = YES_ERROR;
				CLANG_WARN_EMPTY_BODY = YES;
				CLANG_WARN_ENUM_CONVERSION = YES;
				CLANG_WARN_INT_CONVERSION = YES;
				CLANG_WARN_OBJC_ROOT_CLASS = YES_ERROR;
				CLANG_WARN_UNREACHABLE_CODE = YES;
				CLANG_WARN__DUPLICATE_METHOD_MATCH = YES;
				"CODE_SIGN_IDENTITY[sdk=iphoneos*]" = "iPhone Developer";
				COPY_PHASE_STRIP = NO;
				DEBUG_INFORMATION_FORMAT = dwarf;
				ENABLE_STRICT_OBJC_MSGSEND = YES;
				ENABLE_TESTABILITY = YES;
				GCC_C_LANGUAGE_STANDARD = gnu99;
				GCC_DYNAMIC_NO_PIC = NO;
				GCC_NO_COMMON_BLOCKS = YES;
				GCC_OPTIMIZATION_LEVEL = 0;
				GCC_PREPROCESSOR_DEFINITIONS = (
					"DEBUG=1",
					"$(inherited)",
				);
				GCC_WARN_64_TO_32_BIT_CONVERSION = YES;
				GCC_WARN_ABOUT_RETURN_TYPE = YES_ERROR;
				GCC_WARN_UNDECLARED_SELECTOR = YES;
				GCC_WARN_UNINITIALIZED_AUTOS = YES_AGGRESSIVE;
				GCC_WARN_UNUSED_FUNCTION = YES;
				GCC_WARN_UNUSED_VARIABLE = YES;
				IPHONEOS_DEPLOYMENT_TARGET = 9.2;
				MTL_ENABLE_DEBUG_INFO = YES;
				ONLY_ACTIVE_ARCH = YES;
				SDKROOT = iphoneos;
				SWIFT_OPTIMIZATION_LEVEL = "-Onone";
				TARGETED_DEVICE_FAMILY = "1,2";
			};
			name = Debug;
		};
		22775B0B1CBB1F2E00225BEF /* Release */ = {
			isa = XCBuildConfiguration;
			buildSettings = {
				ALWAYS_SEARCH_USER_PATHS = NO;
				CLANG_CXX_LANGUAGE_STANDARD = "gnu++0x";
				CLANG_CXX_LIBRARY = "libc++";
				CLANG_ENABLE_MODULES = YES;
				CLANG_ENABLE_OBJC_ARC = YES;
				CLANG_WARN_BOOL_CONVERSION = YES;
				CLANG_WARN_CONSTANT_CONVERSION = YES;
				CLANG_WARN_DIRECT_OBJC_ISA_USAGE = YES_ERROR;
				CLANG_WARN_EMPTY_BODY = YES;
				CLANG_WARN_ENUM_CONVERSION = YES;
				CLANG_WARN_INT_CONVERSION = YES;
				CLANG_WARN_OBJC_ROOT_CLASS = YES_ERROR;
				CLANG_WARN_UNREACHABLE_CODE = YES;
				CLANG_WARN__DUPLICATE_METHOD_MATCH = YES;
				"CODE_SIGN_IDENTITY[sdk=iphoneos*]" = "iPhone Developer";
				COPY_PHASE_STRIP = NO;
				DEBUG_INFORMATION_FORMAT = "dwarf-with-dsym";
				ENABLE_NS_ASSERTIONS = NO;
				ENABLE_STRICT_OBJC_MSGSEND = YES;
				GCC_C_LANGUAGE_STANDARD = gnu99;
				GCC_NO_COMMON_BLOCKS = YES;
				GCC_WARN_64_TO_32_BIT_CONVERSION = YES;
				GCC_WARN_ABOUT_RETURN_TYPE = YES_ERROR;
				GCC_WARN_UNDECLARED_SELECTOR = YES;
				GCC_WARN_UNINITIALIZED_AUTOS = YES_AGGRESSIVE;
				GCC_WARN_UNUSED_FUNCTION = YES;
				GCC_WARN_UNUSED_VARIABLE = YES;
				IPHONEOS_DEPLOYMENT_TARGET = 9.2;
				MTL_ENABLE_DEBUG_INFO = NO;
				SDKROOT = iphoneos;
				TARGETED_DEVICE_FAMILY = "1,2";
				VALIDATE_PRODUCT = YES;
			};
			name = Release;
		};
		22775B0D1CBB1F2E00225BEF /* Debug */ = {
			isa = XCBuildConfiguration;
			baseConfigurationReference = E6F96EBEA9958B363AB59E89 /* Pods-iMood.debug.xcconfig */;
			buildSettings = {
				ASSETCATALOG_COMPILER_APPICON_NAME = AppIcon;
				CODE_SIGN_IDENTITY = "iPhone Developer";
				"CODE_SIGN_IDENTITY[sdk=iphoneos*]" = "iPhone Developer";
				FRAMEWORK_SEARCH_PATHS = (
					"$(inherited)",
					"$(PROJECT_DIR)/build/Debug-iphoneos",
				);
				INFOPLIST_FILE = iMood/Info.plist;
				LD_RUNPATH_SEARCH_PATHS = "$(inherited) @executable_path/Frameworks";
				PRODUCT_BUNDLE_IDENTIFIER = "com.cbs-posi.iMood";
				PRODUCT_NAME = "$(TARGET_NAME)";
				PROVISIONING_PROFILE = "";
				SWIFT_OBJC_BRIDGING_HEADER = "";
			};
			name = Debug;
		};
		22775B0E1CBB1F2E00225BEF /* Release */ = {
			isa = XCBuildConfiguration;
			baseConfigurationReference = 364FE02CAD0F35FE5189F493 /* Pods-iMood.release.xcconfig */;
			buildSettings = {
				ASSETCATALOG_COMPILER_APPICON_NAME = AppIcon;
				CODE_SIGN_IDENTITY = "iPhone Developer";
				"CODE_SIGN_IDENTITY[sdk=iphoneos*]" = "iPhone Developer";
				FRAMEWORK_SEARCH_PATHS = (
					"$(inherited)",
					"$(PROJECT_DIR)/build/Debug-iphoneos",
				);
				INFOPLIST_FILE = iMood/Info.plist;
				LD_RUNPATH_SEARCH_PATHS = "$(inherited) @executable_path/Frameworks";
				PRODUCT_BUNDLE_IDENTIFIER = "com.cbs-posi.iMood";
				PRODUCT_NAME = "$(TARGET_NAME)";
				PROVISIONING_PROFILE = "";
				SWIFT_OBJC_BRIDGING_HEADER = "";
			};
			name = Release;
		};
/* End XCBuildConfiguration section */

/* Begin XCConfigurationList section */
		22775AF51CBB1F2E00225BEF /* Build configuration list for PBXProject "iMood" */ = {
			isa = XCConfigurationList;
			buildConfigurations = (
				22775B0A1CBB1F2E00225BEF /* Debug */,
				22775B0B1CBB1F2E00225BEF /* Release */,
			);
			defaultConfigurationIsVisible = 0;
			defaultConfigurationName = Release;
		};
		22775B0C1CBB1F2E00225BEF /* Build configuration list for PBXNativeTarget "iMood" */ = {
			isa = XCConfigurationList;
			buildConfigurations = (
				22775B0D1CBB1F2E00225BEF /* Debug */,
				22775B0E1CBB1F2E00225BEF /* Release */,
			);
			defaultConfigurationIsVisible = 0;
			defaultConfigurationName = Release;
		};
/* End XCConfigurationList section */
	};
	rootObject = 22775AF21CBB1F2E00225BEF /* Project object */;
}
