// !$*UTF8*$!
{
	archiveVersion = 1;
	classes = {
	};
	objectVersion = 48;
	objects = {

/* Begin PBXBuildFile section */
		770D99D71EE632F70003CE94 /* AppDelegate.swift in Sources */ = {isa = PBXBuildFile; fileRef = 770D99D61EE632F70003CE94 /* AppDelegate.swift */; };
		770D99D91EE632F70003CE94 /* ViewController.swift in Sources */ = {isa = PBXBuildFile; fileRef = 770D99D81EE632F70003CE94 /* ViewController.swift */; };
		770D99DC1EE632F70003CE94 /* Main.storyboard in Resources */ = {isa = PBXBuildFile; fileRef = 770D99DA1EE632F70003CE94 /* Main.storyboard */; };
		770D99DE1EE632F70003CE94 /* Assets.xcassets in Resources */ = {isa = PBXBuildFile; fileRef = 770D99DD1EE632F70003CE94 /* Assets.xcassets */; };
		770D99E11EE632F70003CE94 /* LaunchScreen.storyboard in Resources */ = {isa = PBXBuildFile; fileRef = 770D99DF1EE632F70003CE94 /* LaunchScreen.storyboard */; };
/* End PBXBuildFile section */

/* Begin PBXFileReference section */
		770D99D31EE632F70003CE94 /* iMood.app */ = {isa = PBXFileReference; explicitFileType = wrapper.application; includeInIndex = 0; path = iMood.app; sourceTree = BUILT_PRODUCTS_DIR; };
		770D99D61EE632F70003CE94 /* AppDelegate.swift */ = {isa = PBXFileReference; lastKnownFileType = sourcecode.swift; path = AppDelegate.swift; sourceTree = "<group>"; };
		770D99D81EE632F70003CE94 /* ViewController.swift */ = {isa = PBXFileReference; lastKnownFileType = sourcecode.swift; path = ViewController.swift; sourceTree = "<group>"; };
		770D99DB1EE632F70003CE94 /* Base */ = {isa = PBXFileReference; lastKnownFileType = file.storyboard; name = Base; path = Base.lproj/Main.storyboard; sourceTree = "<group>"; };
		770D99DD1EE632F70003CE94 /* Assets.xcassets */ = {isa = PBXFileReference; lastKnownFileType = folder.assetcatalog; path = Assets.xcassets; sourceTree = "<group>"; };
		770D99E01EE632F70003CE94 /* Base */ = {isa = PBXFileReference; lastKnownFileType = file.storyboard; name = Base; path = Base.lproj/LaunchScreen.storyboard; sourceTree = "<group>"; };
		770D99E21EE632F70003CE94 /* Info.plist */ = {isa = PBXFileReference; lastKnownFileType = text.plist.xml; path = Info.plist; sourceTree = "<group>"; };
/* End PBXFileReference section */

/* Begin PBXFrameworksBuildPhase section */
		770D99D01EE632F70003CE94 /* Frameworks */ = {
			isa = PBXFrameworksBuildPhase;
			buildActionMask = 2147483647;
			files = (
			);
			runOnlyForDeploymentPostprocessing = 0;
		};
/* End PBXFrameworksBuildPhase section */

/* Begin PBXGroup section */
		770D99CA1EE632F70003CE94 = {
			isa = PBXGroup;
			children = (
				770D99D51EE632F70003CE94 /* iMood */,
				770D99D41EE632F70003CE94 /* Products */,
			);
			sourceTree = "<group>";
		};
		770D99D41EE632F70003CE94 /* Products */ = {
			isa = PBXGroup;
			children = (
				770D99D31EE632F70003CE94 /* iMood.app */,
			);
			name = Products;
			sourceTree = "<group>";
		};
		770D99D51EE632F70003CE94 /* iMood */ = {
			isa = PBXGroup;
			children = (
				770D99D61EE632F70003CE94 /* AppDelegate.swift */,
				770D99D81EE632F70003CE94 /* ViewController.swift */,
				770D99DA1EE632F70003CE94 /* Main.storyboard */,
				770D99DD1EE632F70003CE94 /* Assets.xcassets */,
				770D99DF1EE632F70003CE94 /* LaunchScreen.storyboard */,
				770D99E21EE632F70003CE94 /* Info.plist */,
			);
			path = iMood;
			sourceTree = "<group>";
		};
/* End PBXGroup section */

/* Begin PBXNativeTarget section */
		770D99D21EE632F70003CE94 /* iMood */ = {
			isa = PBXNativeTarget;
			buildConfigurationList = 770D99E51EE632F70003CE94 /* Build configuration list for PBXNativeTarget "iMood" */;
			buildPhases = (
				770D99CF1EE632F70003CE94 /* Sources */,
				770D99D01EE632F70003CE94 /* Frameworks */,
				770D99D11EE632F70003CE94 /* Resources */,
			);
			buildRules = (
			);
			dependencies = (
			);
			name = iMood;
			productName = iMood;
			productReference = 770D99D31EE632F70003CE94 /* iMood.app */;
			productType = "com.apple.product-type.application";
		};
/* End PBXNativeTarget section */

/* Begin PBXProject section */
		770D99CB1EE632F70003CE94 /* Project object */ = {
			isa = PBXProject;
			attributes = {
				LastSwiftUpdateCheck = 0900;
				LastUpgradeCheck = 0900;
				ORGANIZATIONNAME = mmn;
				TargetAttributes = {
					770D99D21EE632F70003CE94 = {
						CreatedOnToolsVersion = 9.0;
					};
				};
			};
			buildConfigurationList = 770D99CE1EE632F70003CE94 /* Build configuration list for PBXProject "iMood" */;
			compatibilityVersion = "Xcode 8.0";
			developmentRegion = en;
			hasScannedForEncodings = 0;
			knownRegions = (
				en,
				Base,
			);
			mainGroup = 770D99CA1EE632F70003CE94;
			productRefGroup = 770D99D41EE632F70003CE94 /* Products */;
			projectDirPath = "";
			projectRoot = "";
			targets = (
				770D99D21EE632F70003CE94 /* iMood */,
			);
		};
/* End PBXProject section */

/* Begin PBXResourcesBuildPhase section */
		770D99D11EE632F70003CE94 /* Resources */ = {
			isa = PBXResourcesBuildPhase;
			buildActionMask = 2147483647;
			files = (
				770D99E11EE632F70003CE94 /* LaunchScreen.storyboard in Resources */,
				770D99DE1EE632F70003CE94 /* Assets.xcassets in Resources */,
				770D99DC1EE632F70003CE94 /* Main.storyboard in Resources */,
			);
			runOnlyForDeploymentPostprocessing = 0;
		};
/* End PBXResourcesBuildPhase section */

/* Begin PBXSourcesBuildPhase section */
		770D99CF1EE632F70003CE94 /* Sources */ = {
			isa = PBXSourcesBuildPhase;
			buildActionMask = 2147483647;
			files = (
				770D99D91EE632F70003CE94 /* ViewController.swift in Sources */,
				770D99D71EE632F70003CE94 /* AppDelegate.swift in Sources */,
			);
			runOnlyForDeploymentPostprocessing = 0;
		};
/* End PBXSourcesBuildPhase section */

/* Begin PBXVariantGroup section */
		770D99DA1EE632F70003CE94 /* Main.storyboard */ = {
			isa = PBXVariantGroup;
			children = (
				770D99DB1EE632F70003CE94 /* Base */,
			);
			name = Main.storyboard;
			sourceTree = "<group>";
		};
		770D99DF1EE632F70003CE94 /* LaunchScreen.storyboard */ = {
			isa = PBXVariantGroup;
			children = (
				770D99E01EE632F70003CE94 /* Base */,
			);
			name = LaunchScreen.storyboard;
			sourceTree = "<group>";
		};
/* End PBXVariantGroup section */

/* Begin XCBuildConfiguration section */
		770D99E31EE632F70003CE94 /* Debug */ = {
			isa = XCBuildConfiguration;
			buildSettings = {
				ALWAYS_SEARCH_USER_PATHS = NO;
				CLANG_ANALYZER_NONNULL = YES;
				CLANG_ANALYZER_NUMBER_OBJECT_CONVERSION = YES_AGGRESSIVE;
				CLANG_CXX_LANGUAGE_STANDARD = "gnu++14";
				CLANG_CXX_LIBRARY = "libc++";
				CLANG_ENABLE_MODULES = YES;
				CLANG_ENABLE_OBJC_ARC = YES;
				CLANG_WARN_BLOCK_CAPTURE_AUTORELEASING = YES;
				CLANG_WARN_BOOL_CONVERSION = YES;
				CLANG_WARN_COMMA = YES;
				CLANG_WARN_CONSTANT_CONVERSION = YES;
				CLANG_WARN_DIRECT_OBJC_ISA_USAGE = YES_ERROR;
				CLANG_WARN_DOCUMENTATION_COMMENTS = YES;
				CLANG_WARN_EMPTY_BODY = YES;
				CLANG_WARN_ENUM_CONVERSION = YES;
				CLANG_WARN_INFINITE_RECURSION = YES;
				CLANG_WARN_INT_CONVERSION = YES;
				CLANG_WARN_OBJC_ROOT_CLASS = YES_ERROR;
				CLANG_WARN_RANGE_LOOP_ANALYSIS = YES;
				CLANG_WARN_STRICT_PROTOTYPES = YES;
				CLANG_WARN_SUSPICIOUS_MOVE = YES;
				CLANG_WARN_UNGUARDED_AVAILABILITY = YES_AGGRESSIVE;
				CLANG_WARN_UNREACHABLE_CODE = YES;
				CLANG_WARN__DUPLICATE_METHOD_MATCH = YES;
				CODE_SIGN_IDENTITY = "iPhone Developer";
				COPY_PHASE_STRIP = NO;
				DEBUG_INFORMATION_FORMAT = dwarf;
				ENABLE_STRICT_OBJC_MSGSEND = YES;
				ENABLE_TESTABILITY = YES;
				GCC_C_LANGUAGE_STANDARD = gnu11;
				GCC_DYNAMIC_NO_PIC = NO;
				GCC_NO_COMMON_BLOCKS = YES;
				GCC_OPTIMIZATION_LEVEL = 0;
				GCC_PREPROCESSOR_DEFINITIONS = (
					"DEBUG=1",
					"$(inherited)",
				);
				GCC_WARN_64_TO_32_BIT_CONVERSION = YES;
				GCC_WARN_ABOUT_RETURN_TYPE = YES_ERROR;
				GCC_WARN_UNDECLARED_SELECTOR = YES;
				GCC_WARN_UNINITIALIZED_AUTOS = YES_AGGRESSIVE;
				GCC_WARN_UNUSED_FUNCTION = YES;
				GCC_WARN_UNUSED_VARIABLE = YES;
				IPHONEOS_DEPLOYMENT_TARGET = 11.0;
				MTL_ENABLE_DEBUG_INFO = YES;
				ONLY_ACTIVE_ARCH = YES;
				SDKROOT = iphoneos;
				SWIFT_ACTIVE_COMPILATION_CONDITIONS = DEBUG;
				SWIFT_OPTIMIZATION_LEVEL = "-Onone";
			};
			name = Debug;
		};
		770D99E41EE632F70003CE94 /* Release */ = {
			isa = XCBuildConfiguration;
			buildSettings = {
				ALWAYS_SEARCH_USER_PATHS = NO;
				CLANG_ANALYZER_NONNULL = YES;
				CLANG_ANALYZER_NUMBER_OBJECT_CONVERSION = YES_AGGRESSIVE;
				CLANG_CXX_LANGUAGE_STANDARD = "gnu++14";
				CLANG_CXX_LIBRARY = "libc++";
				CLANG_ENABLE_MODULES = YES;
				CLANG_ENABLE_OBJC_ARC = YES;
				CLANG_WARN_BLOCK_CAPTURE_AUTORELEASING = YES;
				CLANG_WARN_BOOL_CONVERSION = YES;
				CLANG_WARN_COMMA = YES;
				CLANG_WARN_CONSTANT_CONVERSION = YES;
				CLANG_WARN_DIRECT_OBJC_ISA_USAGE = YES_ERROR;
				CLANG_WARN_DOCUMENTATION_COMMENTS = YES;
				CLANG_WARN_EMPTY_BODY = YES;
				CLANG_WARN_ENUM_CONVERSION = YES;
				CLANG_WARN_INFINITE_RECURSION = YES;
				CLANG_WARN_INT_CONVERSION = YES;
				CLANG_WARN_OBJC_ROOT_CLASS = YES_ERROR;
				CLANG_WARN_RANGE_LOOP_ANALYSIS = YES;
				CLANG_WARN_STRICT_PROTOTYPES = YES;
				CLANG_WARN_SUSPICIOUS_MOVE = YES;
				CLANG_WARN_UNGUARDED_AVAILABILITY = YES_AGGRESSIVE;
				CLANG_WARN_UNREACHABLE_CODE = YES;
				CLANG_WARN__DUPLICATE_METHOD_MATCH = YES;
				CODE_SIGN_IDENTITY = "iPhone Developer";
				COPY_PHASE_STRIP = NO;
				DEBUG_INFORMATION_FORMAT = "dwarf-with-dsym";
				ENABLE_NS_ASSERTIONS = NO;
				ENABLE_STRICT_OBJC_MSGSEND = YES;
				GCC_C_LANGUAGE_STANDARD = gnu11;
				GCC_NO_COMMON_BLOCKS = YES;
				GCC_WARN_64_TO_32_BIT_CONVERSION = YES;
				GCC_WARN_ABOUT_RETURN_TYPE = YES_ERROR;
				GCC_WARN_UNDECLARED_SELECTOR = YES;
				GCC_WARN_UNINITIALIZED_AUTOS = YES_AGGRESSIVE;
				GCC_WARN_UNUSED_FUNCTION = YES;
				GCC_WARN_UNUSED_VARIABLE = YES;
				IPHONEOS_DEPLOYMENT_TARGET = 11.0;
				MTL_ENABLE_DEBUG_INFO = NO;
				SDKROOT = iphoneos;
				SWIFT_OPTIMIZATION_LEVEL = "-Owholemodule";
				VALIDATE_PRODUCT = YES;
			};
			name = Release;
		};
		770D99E61EE632F70003CE94 /* Debug */ = {
			isa = XCBuildConfiguration;
			buildSettings = {
				ASSETCATALOG_COMPILER_APPICON_NAME = AppIcon;
				DEVELOPMENT_TEAM = 4N448TQEX3;
				INFOPLIST_FILE = iMood/Info.plist;
				LD_RUNPATH_SEARCH_PATHS = "$(inherited) @executable_path/Frameworks";
				PRODUCT_BUNDLE_IDENTIFIER = com.mmn.iMood;
				PRODUCT_NAME = "$(TARGET_NAME)";
				SWIFT_VERSION = 4.0;
				TARGETED_DEVICE_FAMILY = "1,2";
			};
			name = Debug;
		};
		770D99E71EE632F70003CE94 /* Release */ = {
			isa = XCBuildConfiguration;
			buildSettings = {
				ASSETCATALOG_COMPILER_APPICON_NAME = AppIcon;
				DEVELOPMENT_TEAM = 4N448TQEX3;
				INFOPLIST_FILE = iMood/Info.plist;
				LD_RUNPATH_SEARCH_PATHS = "$(inherited) @executable_path/Frameworks";
				PRODUCT_BUNDLE_IDENTIFIER = com.mmn.iMood;
				PRODUCT_NAME = "$(TARGET_NAME)";
				SWIFT_VERSION = 4.0;
				TARGETED_DEVICE_FAMILY = "1,2";
			};
			name = Release;
		};
/* End XCBuildConfiguration section */

/* Begin XCConfigurationList section */
		770D99CE1EE632F70003CE94 /* Build configuration list for PBXProject "iMood" */ = {
			isa = XCConfigurationList;
			buildConfigurations = (
				770D99E31EE632F70003CE94 /* Debug */,
				770D99E41EE632F70003CE94 /* Release */,
			);
			defaultConfigurationIsVisible = 0;
			defaultConfigurationName = Release;
		};
		770D99E51EE632F70003CE94 /* Build configuration list for PBXNativeTarget "iMood" */ = {
			isa = XCConfigurationList;
			buildConfigurations = (
				770D99E61EE632F70003CE94 /* Debug */,
				770D99E71EE632F70003CE94 /* Release */,
			);
			defaultConfigurationIsVisible = 0;
		};
/* End XCConfigurationList section */
	};
	rootObject = 770D99CB1EE632F70003CE94 /* Project object */;
}
